
Microsoft Visual Studio Solution File, Format Version 12.00
# Visual Studio 15
VisualStudioVersion = 15.0.28010.2041
MinimumVisualStudioVersion = 10.0.40219.1
Project("{FAE04EC0-301F-11D3-BF4B-00C04F79EFBC}") = "GerekeGenerics", "GerekeGenerics\GerekeGenerics.csproj", "{2482AD1C-C46C-49F1-B857-26D82767C753}"
EndProject
Global
	GlobalSection(SolutionConfigurationPlatforms) = preSolution
		Debug|Any CPU = Debug|Any CPU
		Release|Any CPU = Release|Any CPU
	EndGlobalSection
	GlobalSection(ProjectConfigurationPlatforms) = postSolution
		{2482AD1C-C46C-49F1-B857-26D82767C753}.Debug|Any CPU.ActiveCfg = Debug|Any CPU
		{2482AD1C-C46C-49F1-B857-26D82767C753}.Debug|Any CPU.Build.0 = Debug|Any CPU
		{2482AD1C-C46C-49F1-B857-26D82767C753}.Release|Any CPU.ActiveCfg = Release|Any CPU
		{2482AD1C-C46C-49F1-B857-26D82767C753}.Release|Any CPU.Build.0 = Release|Any CPU
	EndGlobalSection
	GlobalSection(SolutionProperties) = preSolution
		HideSolutionNode = FALSE
	EndGlobalSection
	GlobalSection(ExtensibilityGlobals) = postSolution
		SolutionGuid = {D10E9BB7-48CD-43F6-AEF4-5D0122A24B6C}
	EndGlobalSection
EndGlobal
